
Microsoft Visual Studio Solution File, Format Version 12.00
# Visual Studio Version 17
VisualStudioVersion = 17.0.31825.309
MinimumVisualStudioVersion = 10.0.40219.1
Project("{2150E333-8FDC-42A3-9474-1A3956D46DE8}") = "Solution Items", "Solution Items", "{0FFC3644-7C33-4F66-9C5C-EA005CD5C54E}"
	ProjectSection(SolutionItems) = preProject
		.editorconfig = .editorconfig
		azure\build.yml = azure\build.yml
		azure\deploy.yml = azure\deploy.yml
		README.md = README.md
	EndProjectSection
EndProject
Project("{9A19103F-16F7-4668-BE54-9A1E7A4F7556}") = "MicaWPF", "src\MicaWPF\MicaWPF.csproj", "{D1A510CB-A91D-484E-9F20-0408DAA2F2C9}"
EndProject
Project("{9A19103F-16F7-4668-BE54-9A1E7A4F7556}") = "MicaWPF.DependencyInjection", "src\MicaWPF.DependencyInjection\MicaWPF.DependencyInjection.csproj", "{EC4F60D4-D6D5-4767-9D05-754E792D01C6}"
EndProject
Project("{9A19103F-16F7-4668-BE54-9A1E7A4F7556}") = "MicaWPF.Test", "src\MicaWPF.Test\MicaWPF.Test.csproj", "{FA3598D8-15BD-4D4C-AB8C-0B23A77AAD0C}"
EndProject
Project("{9A19103F-16F7-4668-BE54-9A1E7A4F7556}") = "MicaWPF.Core", "src\MicaWPF.Core\MicaWPF.Core.csproj", "{7E84492D-BCA8-4CF0-AAF6-31DBF0B5903E}"
EndProject
Project("{9A19103F-16F7-4668-BE54-9A1E7A4F7556}") = "MicaWPF.Lite", "src\MicaWPF.Lite\MicaWPF.Lite.csproj", "{D1F436CD-94C9-4C88-86CE-CC54277D96DE}"
EndProject
Global

	GlobalSection(SolutionConfigurationPlatforms) = preSolution
		Debug|Any CPU = Debug|Any CPU
		Debug|x64 = Debug|x64
		Release|Any CPU = Release|Any CPU
		Release|x64 = Release|x64
	EndGlobalSection
	GlobalSection(ProjectConfigurationPlatforms) = postSolution
		{D1A510CB-A91D-484E-9F20-0408DAA2F2C9}.Debug|Any CPU.ActiveCfg = Debug|Any CPU
		{D1A510CB-A91D-484E-9F20-0408DAA2F2C9}.Debug|Any CPU.Build.0 = Debug|Any CPU
		{D1A510CB-A91D-484E-9F20-0408DAA2F2C9}.Debug|x64.ActiveCfg = Debug|Any CPU
		{D1A510CB-A91D-484E-9F20-0408DAA2F2C9}.Debug|x64.Build.0 = Debug|Any CPU
		{D1A510CB-A91D-484E-9F20-0408DAA2F2C9}.Release|Any CPU.ActiveCfg = Release|Any CPU
		{D1A510CB-A91D-484E-9F20-0408DAA2F2C9}.Release|Any CPU.Build.0 = Release|Any CPU
		{D1A510CB-A91D-484E-9F20-0408DAA2F2C9}.Release|x64.ActiveCfg = Release|Any CPU
		{D1A510CB-A91D-484E-9F20-0408DAA2F2C9}.Release|x64.Build.0 = Release|Any CPU
		{EC4F60D4-D6D5-4767-9D05-754E792D01C6}.Debug|Any CPU.ActiveCfg = Debug|Any CPU
		{EC4F60D4-D6D5-4767-9D05-754E792D01C6}.Debug|Any CPU.Build.0 = Debug|Any CPU
		{EC4F60D4-D6D5-4767-9D05-754E792D01C6}.Debug|x64.ActiveCfg = Debug|Any CPU
		{EC4F60D4-D6D5-4767-9D05-754E792D01C6}.Debug|x64.Build.0 = Debug|Any CPU
		{EC4F60D4-D6D5-4767-9D05-754E792D01C6}.Release|Any CPU.ActiveCfg = Release|Any CPU
		{EC4F60D4-D6D5-4767-9D05-754E792D01C6}.Release|Any CPU.Build.0 = Release|Any CPU
		{EC4F60D4-D6D5-4767-9D05-754E792D01C6}.Release|x64.ActiveCfg = Release|Any CPU
		{EC4F60D4-D6D5-4767-9D05-754E792D01C6}.Release|x64.Build.0 = Release|Any CPU
		{FA3598D8-15BD-4D4C-AB8C-0B23A77AAD0C}.Debug|Any CPU.ActiveCfg = Debug|Any CPU
		{FA3598D8-15BD-4D4C-AB8C-0B23A77AAD0C}.Debug|Any CPU.Build.0 = Debug|Any CPU
		{FA3598D8-15BD-4D4C-AB8C-0B23A77AAD0C}.Debug|x64.ActiveCfg = Debug|Any CPU
		{FA3598D8-15BD-4D4C-AB8C-0B23A77AAD0C}.Debug|x64.Build.0 = Debug|Any CPU
		{FA3598D8-15BD-4D4C-AB8C-0B23A77AAD0C}.Release|Any CPU.ActiveCfg = Release|Any CPU
		{FA3598D8-15BD-4D4C-AB8C-0B23A77AAD0C}.Release|Any CPU.Build.0 = Release|Any CPU
		{FA3598D8-15BD-4D4C-AB8C-0B23A77AAD0C}.Release|x64.ActiveCfg = Release|Any CPU
		{FA3598D8-15BD-4D4C-AB8C-0B23A77AAD0C}.Release|x64.Build.0 = Release|Any CPU
		{7E84492D-BCA8-4CF0-AAF6-31DBF0B5903E}.Debug|Any CPU.ActiveCfg = Debug|Any CPU
		{7E84492D-BCA8-4CF0-AAF6-31DBF0B5903E}.Debug|Any CPU.Build.0 = Debug|Any CPU
		{7E84492D-BCA8-4CF0-AAF6-31DBF0B5903E}.Debug|x64.ActiveCfg = Debug|Any CPU
		{7E84492D-BCA8-4CF0-AAF6-31DBF0B5903E}.Debug|x64.Build.0 = Debug|Any CPU
		{7E84492D-BCA8-4CF0-AAF6-31DBF0B5903E}.Release|Any CPU.ActiveCfg = Release|Any CPU
		{7E84492D-BCA8-4CF0-AAF6-31DBF0B5903E}.Release|Any CPU.Build.0 = Release|Any CPU
		{7E84492D-BCA8-4CF0-AAF6-31DBF0B5903E}.Release|x64.ActiveCfg = Release|Any CPU
		{7E84492D-BCA8-4CF0-AAF6-31DBF0B5903E}.Release|x64.Build.0 = Release|Any CPU
		{D1F436CD-94C9-4C88-86CE-CC54277D96DE}.Debug|Any CPU.ActiveCfg = Debug|Any CPU
		{D1F436CD-94C9-4C88-86CE-CC54277D96DE}.Debug|Any CPU.Build.0 = Debug|Any CPU
		{D1F436CD-94C9-4C88-86CE-CC54277D96DE}.Debug|x64.ActiveCfg = Debug|Any CPU
		{D1F436CD-94C9-4C88-86CE-CC54277D96DE}.Debug|x64.Build.0 = Debug|Any CPU
		{D1F436CD-94C9-4C88-86CE-CC54277D96DE}.Release|Any CPU.ActiveCfg = Release|Any CPU
		{D1F436CD-94C9-4C88-86CE-CC54277D96DE}.Release|Any CPU.Build.0 = Release|Any CPU
		{D1F436CD-94C9-4C88-86CE-CC54277D96DE}.Release|x64.ActiveCfg = Release|Any CPU
		{D1F436CD-94C9-4C88-86CE-CC54277D96DE}.Release|x64.Build.0 = Release|Any CPU
	EndGlobalSection
	GlobalSection(SolutionProperties) = preSolution
		HideSolutionNode = FALSE
	EndGlobalSection
	GlobalSection(ExtensibilityGlobals) = postSolution
		SolutionGuid = {87299601-B3DB-4A82-B37B-65AE380228C1}
	EndGlobalSection
EndGlobal
