
Microsoft Visual Studio Solution File, Format Version 12.00
# Visual Studio Version 17
VisualStudioVersion = 17.0.31825.309
MinimumVisualStudioVersion = 10.0.40219.1
Project("{2150E333-8FDC-42A3-9474-1A3956D46DE8}") = "Solution Items", "Solution Items", "{0FFC3644-7C33-4F66-9C5C-EA005CD5C54E}"
	ProjectSection(SolutionItems) = preProject
		.editorconfig = .editorconfig
	EndProjectSection
EndProject
Project("{9A19103F-16F7-4668-BE54-9A1E7A4F7556}") = "MicaWPF", "src\MicaWPF\MicaWPF.csproj", "{D1A510CB-A91D-484E-9F20-0408DAA2F2C9}"
EndProject
Project("{9A19103F-16F7-4668-BE54-9A1E7A4F7556}") = "MicaWPF.Extension", "src\MicaWPF.Extension\MicaWPF.Extension.csproj", "{95279028-25AC-4449-B796-A56D2AB73836}"
EndProject
Project("{9A19103F-16F7-4668-BE54-9A1E7A4F7556}") = "MicaWPF.Test", "src\MicaWPF.Test\MicaWPF.Test.csproj", "{5C7EDA4E-B5D9-4E7F-B9C2-A1C2EFEA89E1}"
EndProject
Global
	GlobalSection(SolutionConfigurationPlatforms) = preSolution
		Debug|Any CPU = Debug|Any CPU
		Release|Any CPU = Release|Any CPU
	EndGlobalSection
	GlobalSection(ProjectConfigurationPlatforms) = postSolution
		{D1A510CB-A91D-484E-9F20-0408DAA2F2C9}.Debug|Any CPU.ActiveCfg = Debug|Any CPU
		{D1A510CB-A91D-484E-9F20-0408DAA2F2C9}.Debug|Any CPU.Build.0 = Debug|Any CPU
		{D1A510CB-A91D-484E-9F20-0408DAA2F2C9}.Release|Any CPU.ActiveCfg = Release|Any CPU
		{D1A510CB-A91D-484E-9F20-0408DAA2F2C9}.Release|Any CPU.Build.0 = Release|Any CPU
		{95279028-25AC-4449-B796-A56D2AB73836}.Debug|Any CPU.ActiveCfg = Debug|Any CPU
		{95279028-25AC-4449-B796-A56D2AB73836}.Debug|Any CPU.Build.0 = Debug|Any CPU
		{95279028-25AC-4449-B796-A56D2AB73836}.Release|Any CPU.ActiveCfg = Release|Any CPU
		{95279028-25AC-4449-B796-A56D2AB73836}.Release|Any CPU.Build.0 = Release|Any CPU
		{5C7EDA4E-B5D9-4E7F-B9C2-A1C2EFEA89E1}.Debug|Any CPU.ActiveCfg = Debug|Any CPU
		{5C7EDA4E-B5D9-4E7F-B9C2-A1C2EFEA89E1}.Debug|Any CPU.Build.0 = Debug|Any CPU
		{5C7EDA4E-B5D9-4E7F-B9C2-A1C2EFEA89E1}.Release|Any CPU.ActiveCfg = Release|Any CPU
		{5C7EDA4E-B5D9-4E7F-B9C2-A1C2EFEA89E1}.Release|Any CPU.Build.0 = Release|Any CPU
	EndGlobalSection
	GlobalSection(SolutionProperties) = preSolution
		HideSolutionNode = FALSE
	EndGlobalSection
	GlobalSection(ExtensibilityGlobals) = postSolution
		SolutionGuid = {87299601-B3DB-4A82-B37B-65AE380228C1}
	EndGlobalSection
EndGlobal
